
Microsoft Visual Studio Solution File, Format Version 12.00
# Visual Studio Version 16
VisualStudioVersion = 16.0.29306.81
MinimumVisualStudioVersion = 10.0.40219.1
Project("{FAE04EC0-301F-11D3-BF4B-00C04F79EFBC}") = "WA_Form", "WA_Form\WA_Form.csproj", "{B1460E3F-56D2-4D23-9FDE-B789225A75C2}"
EndProject
Global
	GlobalSection(SolutionConfigurationPlatforms) = preSolution
		Debug|Any CPU = Debug|Any CPU
		Release|Any CPU = Release|Any CPU
	EndGlobalSection
	GlobalSection(ProjectConfigurationPlatforms) = postSolution
		{B1460E3F-56D2-4D23-9FDE-B789225A75C2}.Debug|Any CPU.ActiveCfg = Debug|Any CPU
		{B1460E3F-56D2-4D23-9FDE-B789225A75C2}.Debug|Any CPU.Build.0 = Debug|Any CPU
		{B1460E3F-56D2-4D23-9FDE-B789225A75C2}.Release|Any CPU.ActiveCfg = Release|Any CPU
		{B1460E3F-56D2-4D23-9FDE-B789225A75C2}.Release|Any CPU.Build.0 = Release|Any CPU
	EndGlobalSection
	GlobalSection(SolutionProperties) = preSolution
		HideSolutionNode = FALSE
	EndGlobalSection
	GlobalSection(ExtensibilityGlobals) = postSolution
		SolutionGuid = {2E555746-BB7E-403F-B545-1DAE15B8D0D0}
	EndGlobalSection
EndGlobal
